
Microsoft Visual Studio Solution File, Format Version 12.00
# Visual Studio Version 17
VisualStudioVersion = 17.14.36623.8 d17.14
MinimumVisualStudioVersion = 10.0.40219.1
Project("{FAE04EC0-301F-11D3-BF4B-00C04F79EFBC}") = "Task & Project Tracker", "Task & Project Tracker\Task & Project Tracker.csproj", "{2522A0BA-0714-4A6B-A51D-6CD13B3196A5}"
EndProject
Project("{FAE04EC0-301F-11D3-BF4B-00C04F79EFBC}") = "Task & Project Tracker.Tests", "Task & Project Tracker.Tests\Task & Project Tracker.Tests.csproj", "{812F525A-EDA2-411A-ADAC-95F97BB39F94}"
EndProject
Global
	GlobalSection(SolutionConfigurationPlatforms) = preSolution
		Debug|Any CPU = Debug|Any CPU
		Release|Any CPU = Release|Any CPU
	EndGlobalSection
	GlobalSection(ProjectConfigurationPlatforms) = postSolution
		{2522A0BA-0714-4A6B-A51D-6CD13B3196A5}.Debug|Any CPU.ActiveCfg = Debug|Any CPU
		{2522A0BA-0714-4A6B-A51D-6CD13B3196A5}.Debug|Any CPU.Build.0 = Debug|Any CPU
		{2522A0BA-0714-4A6B-A51D-6CD13B3196A5}.Release|Any CPU.ActiveCfg = Release|Any CPU
		{2522A0BA-0714-4A6B-A51D-6CD13B3196A5}.Release|Any CPU.Build.0 = Release|Any CPU
		{812F525A-EDA2-411A-ADAC-95F97BB39F94}.Debug|Any CPU.ActiveCfg = Debug|Any CPU
		{812F525A-EDA2-411A-ADAC-95F97BB39F94}.Debug|Any CPU.Build.0 = Debug|Any CPU
		{812F525A-EDA2-411A-ADAC-95F97BB39F94}.Release|Any CPU.ActiveCfg = Release|Any CPU
		{812F525A-EDA2-411A-ADAC-95F97BB39F94}.Release|Any CPU.Build.0 = Release|Any CPU
	EndGlobalSection
	GlobalSection(SolutionProperties) = preSolution
		HideSolutionNode = FALSE
	EndGlobalSection
	GlobalSection(ExtensibilityGlobals) = postSolution
		SolutionGuid = {CCEB2B1A-00B0-4EEE-AC65-100220F7CC8C}
	EndGlobalSection
EndGlobal
